
Microsoft Visual Studio Solution File, Format Version 12.00
# Visual Studio Version 17
VisualStudioVersion = 17.3.32922.545
MinimumVisualStudioVersion = 10.0.40219.1
Project("{FAE04EC0-301F-11D3-BF4B-00C04F79EFBC}") = "LoginForm", "LoginForm.csproj", "{1F6C59A0-0AD7-443A-82D4-15134F413445}"
EndProject
Global
	GlobalSection(SolutionConfigurationPlatforms) = preSolution
		Debug|Any CPU = Debug|Any CPU
		Release|Any CPU = Release|Any CPU
	EndGlobalSection
	GlobalSection(ProjectConfigurationPlatforms) = postSolution
		{1F6C59A0-0AD7-443A-82D4-15134F413445}.Debug|Any CPU.ActiveCfg = Debug|Any CPU
		{1F6C59A0-0AD7-443A-82D4-15134F413445}.Debug|Any CPU.Build.0 = Debug|Any CPU
		{1F6C59A0-0AD7-443A-82D4-15134F413445}.Release|Any CPU.ActiveCfg = Release|Any CPU
		{1F6C59A0-0AD7-443A-82D4-15134F413445}.Release|Any CPU.Build.0 = Release|Any CPU
	EndGlobalSection
	GlobalSection(SolutionProperties) = preSolution
		HideSolutionNode = FALSE
	EndGlobalSection
	GlobalSection(ExtensibilityGlobals) = postSolution
		SolutionGuid = {E7C6CFAD-54CF-4805-8ABF-C353AD40EC28}
	EndGlobalSection
EndGlobal
